{
  "requires": true,
  "lockfileVersion": 1,
  "dependencies": {
    "superfine": {
      "version": "8.2.0",
      "resolved": "https://registry.npmjs.org/superfine/-/superfine-8.2.0.tgz",
      "integrity": "sha512-YnmDEesO2COpGEmWIYJ6StZVdJqTiRU4ur+8WwHRLOeU9Rad2ogvd3cZzuX+QXxshWWqP2HE+jWI5wACqTGBjg=="
    }
  }
}
